
Microsoft Visual Studio Solution File, Format Version 12.00
# Visual Studio Version 17
VisualStudioVersion = 17.9.34723.18
MinimumVisualStudioVersion = 10.0.40219.1
Project("{FAE04EC0-301F-11D3-BF4B-00C04F79EFBC}") = "HabitTracker", "HabitTracker\HabitTracker.csproj", "{8CC67852-BADB-4B0C-8173-0C97F16B628B}"
EndProject
Global
	GlobalSection(SolutionConfigurationPlatforms) = preSolution
		Debug|Any CPU = Debug|Any CPU
		Release|Any CPU = Release|Any CPU
	EndGlobalSection
	GlobalSection(ProjectConfigurationPlatforms) = postSolution
		{8CC67852-BADB-4B0C-8173-0C97F16B628B}.Debug|Any CPU.ActiveCfg = Debug|Any CPU
		{8CC67852-BADB-4B0C-8173-0C97F16B628B}.Debug|Any CPU.Build.0 = Debug|Any CPU
		{8CC67852-BADB-4B0C-8173-0C97F16B628B}.Release|Any CPU.ActiveCfg = Release|Any CPU
		{8CC67852-BADB-4B0C-8173-0C97F16B628B}.Release|Any CPU.Build.0 = Release|Any CPU
	EndGlobalSection
	GlobalSection(SolutionProperties) = preSolution
		HideSolutionNode = FALSE
	EndGlobalSection
	GlobalSection(ExtensibilityGlobals) = postSolution
		SolutionGuid = {6FE5152A-8B55-48B8-9FC4-6B4334F1E260}
	EndGlobalSection
EndGlobal
